// !$*UTF8*$!
{
	archiveVersion = 1;
	classes = {
	};
	objectVersion = 56;
	objects = {

/* Begin PBXBuildFile section */
		CEB1EB282D55586E00931CCD /* AppDelegate.swift in Sources */ = {isa = PBXBuildFile; fileRef = CEB1EB272D55586E00931CCD /* AppDelegate.swift */; };
		CEB1EB2A2D55586E00931CCD /* SceneDelegate.swift in Sources */ = {isa = PBXBuildFile; fileRef = CEB1EB292D55586E00931CCD /* SceneDelegate.swift */; };
		CEB1EB2C2D55586E00931CCD /* ViewController.swift in Sources */ = {isa = PBXBuildFile; fileRef = CEB1EB2B2D55586E00931CCD /* ViewController.swift */; };
		CEB1EB2F2D55586E00931CCD /* Base in Resources */ = {isa = PBXBuildFile; fileRef = CEB1EB2E2D55586E00931CCD /* Base */; };
		CEB1EB312D55587000931CCD /* Assets.xcassets in Resources */ = {isa = PBXBuildFile; fileRef = CEB1EB302D55587000931CCD /* Assets.xcassets */; };
		CEB1EB342D55587000931CCD /* Base in Resources */ = {isa = PBXBuildFile; fileRef = CEB1EB332D55587000931CCD /* Base */; };
		CEB1EB522D5559EE00931CCD /* play.jpeg in Resources */ = {isa = PBXBuildFile; fileRef = CEB1EB4E2D5559EE00931CCD /* play.jpeg */; };
		CEB1EB532D5559EE00931CCD /* gundam_seed_wallpaper_9-normal.jpg in Resources */ = {isa = PBXBuildFile; fileRef = CEB1EB4F2D5559EE00931CCD /* gundam_seed_wallpaper_9-normal.jpg */; };
		CEB1EB542D5559EE00931CCD /* about.jpeg in Resources */ = {isa = PBXBuildFile; fileRef = CEB1EB502D5559EE00931CCD /* about.jpeg */; };
		CEB1EB552D5559EE00931CCD /* settings.jpeg in Resources */ = {isa = PBXBuildFile; fileRef = CEB1EB512D5559EE00931CCD /* settings.jpeg */; };
		CEB1EB592D5559FA00931CCD /* song2.mp3 in Resources */ = {isa = PBXBuildFile; fileRef = CEB1EB562D5559FA00931CCD /* song2.mp3 */; };
		CEB1EB5A2D5559FA00931CCD /* song1.mp3 in Resources */ = {isa = PBXBuildFile; fileRef = CEB1EB572D5559FA00931CCD /* song1.mp3 */; };
		CEB1EB5B2D5559FA00931CCD /* song3.mp3 in Resources */ = {isa = PBXBuildFile; fileRef = CEB1EB582D5559FA00931CCD /* song3.mp3 */; };
		CEB1EB5D2D555A5E00931CCD /* MusicViewController.swift in Sources */ = {isa = PBXBuildFile; fileRef = CEB1EB5C2D555A5E00931CCD /* MusicViewController.swift */; };
		CEB1EB602D555EEF00931CCD /* AVFoundation.framework in Frameworks */ = {isa = PBXBuildFile; fileRef = CEB1EB5F2D555EEF00931CCD /* AVFoundation.framework */; };
		CEB1EB622D555F1200931CCD /* QuartzCore.framework in Frameworks */ = {isa = PBXBuildFile; fileRef = CEB1EB612D555F1200931CCD /* QuartzCore.framework */; };
/* End PBXBuildFile section */

/* Begin PBXFileReference section */
		CEB1EB242D55586E00931CCD /* Wk5AnimationsAudio.app */ = {isa = PBXFileReference; explicitFileType = wrapper.application; includeInIndex = 0; path = Wk5AnimationsAudio.app; sourceTree = BUILT_PRODUCTS_DIR; };
		CEB1EB272D55586E00931CCD /* AppDelegate.swift */ = {isa = PBXFileReference; lastKnownFileType = sourcecode.swift; path = AppDelegate.swift; sourceTree = "<group>"; };
		CEB1EB292D55586E00931CCD /* SceneDelegate.swift */ = {isa = PBXFileReference; lastKnownFileType = sourcecode.swift; path = SceneDelegate.swift; sourceTree = "<group>"; };
		CEB1EB2B2D55586E00931CCD /* ViewController.swift */ = {isa = PBXFileReference; lastKnownFileType = sourcecode.swift; path = ViewController.swift; sourceTree = "<group>"; };
		CEB1EB2E2D55586E00931CCD /* Base */ = {isa = PBXFileReference; lastKnownFileType = file.storyboard; name = Base; path = Base.lproj/Main.storyboard; sourceTree = "<group>"; };
		CEB1EB302D55587000931CCD /* Assets.xcassets */ = {isa = PBXFileReference; lastKnownFileType = folder.assetcatalog; path = Assets.xcassets; sourceTree = "<group>"; };
		CEB1EB332D55587000931CCD /* Base */ = {isa = PBXFileReference; lastKnownFileType = file.storyboard; name = Base; path = Base.lproj/LaunchScreen.storyboard; sourceTree = "<group>"; };
		CEB1EB352D55587000931CCD /* Info.plist */ = {isa = PBXFileReference; lastKnownFileType = text.plist.xml; path = Info.plist; sourceTree = "<group>"; };
		CEB1EB4E2D5559EE00931CCD /* play.jpeg */ = {isa = PBXFileReference; lastKnownFileType = image.jpeg; path = play.jpeg; sourceTree = "<group>"; };
		CEB1EB4F2D5559EE00931CCD /* gundam_seed_wallpaper_9-normal.jpg */ = {isa = PBXFileReference; lastKnownFileType = image.jpeg; path = "gundam_seed_wallpaper_9-normal.jpg"; sourceTree = "<group>"; };
		CEB1EB502D5559EE00931CCD /* about.jpeg */ = {isa = PBXFileReference; lastKnownFileType = image.jpeg; path = about.jpeg; sourceTree = "<group>"; };
		CEB1EB512D5559EE00931CCD /* settings.jpeg */ = {isa = PBXFileReference; lastKnownFileType = image.jpeg; path = settings.jpeg; sourceTree = "<group>"; };
		CEB1EB562D5559FA00931CCD /* song2.mp3 */ = {isa = PBXFileReference; lastKnownFileType = audio.mp3; path = song2.mp3; sourceTree = "<group>"; };
		CEB1EB572D5559FA00931CCD /* song1.mp3 */ = {isa = PBXFileReference; lastKnownFileType = audio.mp3; path = song1.mp3; sourceTree = "<group>"; };
		CEB1EB582D5559FA00931CCD /* song3.mp3 */ = {isa = PBXFileReference; lastKnownFileType = audio.mp3; path = song3.mp3; sourceTree = "<group>"; };
		CEB1EB5C2D555A5E00931CCD /* MusicViewController.swift */ = {isa = PBXFileReference; lastKnownFileType = sourcecode.swift; path = MusicViewController.swift; sourceTree = "<group>"; };
		CEB1EB5F2D555EEF00931CCD /* AVFoundation.framework */ = {isa = PBXFileReference; lastKnownFileType = wrapper.framework; name = AVFoundation.framework; path = System/Library/Frameworks/AVFoundation.framework; sourceTree = SDKROOT; };
		CEB1EB612D555F1200931CCD /* QuartzCore.framework */ = {isa = PBXFileReference; lastKnownFileType = wrapper.framework; name = QuartzCore.framework; path = System/Library/Frameworks/QuartzCore.framework; sourceTree = SDKROOT; };
/* End PBXFileReference section */

/* Begin PBXFrameworksBuildPhase section */
		CEB1EB212D55586E00931CCD /* Frameworks */ = {
			isa = PBXFrameworksBuildPhase;
			buildActionMask = 2147483647;
			files = (
				CEB1EB622D555F1200931CCD /* QuartzCore.framework in Frameworks */,
				CEB1EB602D555EEF00931CCD /* AVFoundation.framework in Frameworks */,
			);
			runOnlyForDeploymentPostprocessing = 0;
		};
/* End PBXFrameworksBuildPhase section */

/* Begin PBXGroup section */
		CEB1EB1B2D55586E00931CCD = {
			isa = PBXGroup;
			children = (
				CEB1EB3D2D5558C800931CCD /* Images */,
				CEB1EB3C2D5558B900931CCD /* View Controllers */,
				CEB1EB3B2D5558AC00931CCD /* Music */,
				CEB1EB262D55586E00931CCD /* Wk5AnimationsAudio */,
				CEB1EB252D55586E00931CCD /* Products */,
				CEB1EB5E2D555EEF00931CCD /* Frameworks */,
			);
			sourceTree = "<group>";
		};
		CEB1EB252D55586E00931CCD /* Products */ = {
			isa = PBXGroup;
			children = (
				CEB1EB242D55586E00931CCD /* Wk5AnimationsAudio.app */,
			);
			name = Products;
			sourceTree = "<group>";
		};
		CEB1EB262D55586E00931CCD /* Wk5AnimationsAudio */ = {
			isa = PBXGroup;
			children = (
				CEB1EB272D55586E00931CCD /* AppDelegate.swift */,
				CEB1EB292D55586E00931CCD /* SceneDelegate.swift */,
				CEB1EB2D2D55586E00931CCD /* Main.storyboard */,
				CEB1EB302D55587000931CCD /* Assets.xcassets */,
				CEB1EB322D55587000931CCD /* LaunchScreen.storyboard */,
				CEB1EB352D55587000931CCD /* Info.plist */,
			);
			path = Wk5AnimationsAudio;
			sourceTree = "<group>";
		};
		CEB1EB3B2D5558AC00931CCD /* Music */ = {
			isa = PBXGroup;
			children = (
				CEB1EB572D5559FA00931CCD /* song1.mp3 */,
				CEB1EB562D5559FA00931CCD /* song2.mp3 */,
				CEB1EB582D5559FA00931CCD /* song3.mp3 */,
			);
			path = Music;
			sourceTree = "<group>";
		};
		CEB1EB3C2D5558B900931CCD /* View Controllers */ = {
			isa = PBXGroup;
			children = (
				CEB1EB2B2D55586E00931CCD /* ViewController.swift */,
				CEB1EB5C2D555A5E00931CCD /* MusicViewController.swift */,
			);
			path = "View Controllers";
			sourceTree = "<group>";
		};
		CEB1EB3D2D5558C800931CCD /* Images */ = {
			isa = PBXGroup;
			children = (
				CEB1EB502D5559EE00931CCD /* about.jpeg */,
				CEB1EB4F2D5559EE00931CCD /* gundam_seed_wallpaper_9-normal.jpg */,
				CEB1EB4E2D5559EE00931CCD /* play.jpeg */,
				CEB1EB512D5559EE00931CCD /* settings.jpeg */,
			);
			path = Images;
			sourceTree = "<group>";
		};
		CEB1EB5E2D555EEF00931CCD /* Frameworks */ = {
			isa = PBXGroup;
			children = (
				CEB1EB612D555F1200931CCD /* QuartzCore.framework */,
				CEB1EB5F2D555EEF00931CCD /* AVFoundation.framework */,
			);
			name = Frameworks;
			sourceTree = "<group>";
		};
/* End PBXGroup section */

/* Begin PBXNativeTarget section */
		CEB1EB232D55586E00931CCD /* Wk5AnimationsAudio */ = {
			isa = PBXNativeTarget;
			buildConfigurationList = CEB1EB382D55587000931CCD /* Build configuration list for PBXNativeTarget "Wk5AnimationsAudio" */;
			buildPhases = (
				CEB1EB202D55586E00931CCD /* Sources */,
				CEB1EB212D55586E00931CCD /* Frameworks */,
				CEB1EB222D55586E00931CCD /* Resources */,
			);
			buildRules = (
			);
			dependencies = (
			);
			name = Wk5AnimationsAudio;
			productName = Wk5AnimationsAudio;
			productReference = CEB1EB242D55586E00931CCD /* Wk5AnimationsAudio.app */;
			productType = "com.apple.product-type.application";
		};
/* End PBXNativeTarget section */

/* Begin PBXProject section */
		CEB1EB1C2D55586E00931CCD /* Project object */ = {
			isa = PBXProject;
			attributes = {
				BuildIndependentTargetsInParallel = 1;
				LastSwiftUpdateCheck = 1540;
				LastUpgradeCheck = 1540;
				TargetAttributes = {
					CEB1EB232D55586E00931CCD = {
						CreatedOnToolsVersion = 15.4;
					};
				};
			};
			buildConfigurationList = CEB1EB1F2D55586E00931CCD /* Build configuration list for PBXProject "Wk5AnimationsAudio" */;
			compatibilityVersion = "Xcode 14.0";
			developmentRegion = en;
			hasScannedForEncodings = 0;
			knownRegions = (
				en,
				Base,
			);
			mainGroup = CEB1EB1B2D55586E00931CCD;
			productRefGroup = CEB1EB252D55586E00931CCD /* Products */;
			projectDirPath = "";
			projectRoot = "";
			targets = (
				CEB1EB232D55586E00931CCD /* Wk5AnimationsAudio */,
			);
		};
/* End PBXProject section */

/* Begin PBXResourcesBuildPhase section */
		CEB1EB222D55586E00931CCD /* Resources */ = {
			isa = PBXResourcesBuildPhase;
			buildActionMask = 2147483647;
			files = (
				CEB1EB592D5559FA00931CCD /* song2.mp3 in Resources */,
				CEB1EB5A2D5559FA00931CCD /* song1.mp3 in Resources */,
				CEB1EB532D5559EE00931CCD /* gundam_seed_wallpaper_9-normal.jpg in Resources */,
				CEB1EB312D55587000931CCD /* Assets.xcassets in Resources */,
				CEB1EB342D55587000931CCD /* Base in Resources */,
				CEB1EB552D5559EE00931CCD /* settings.jpeg in Resources */,
				CEB1EB542D5559EE00931CCD /* about.jpeg in Resources */,
				CEB1EB5B2D5559FA00931CCD /* song3.mp3 in Resources */,
				CEB1EB2F2D55586E00931CCD /* Base in Resources */,
				CEB1EB522D5559EE00931CCD /* play.jpeg in Resources */,
			);
			runOnlyForDeploymentPostprocessing = 0;
		};
/* End PBXResourcesBuildPhase section */

/* Begin PBXSourcesBuildPhase section */
		CEB1EB202D55586E00931CCD /* Sources */ = {
			isa = PBXSourcesBuildPhase;
			buildActionMask = 2147483647;
			files = (
				CEB1EB5D2D555A5E00931CCD /* MusicViewController.swift in Sources */,
				CEB1EB2C2D55586E00931CCD /* ViewController.swift in Sources */,
				CEB1EB282D55586E00931CCD /* AppDelegate.swift in Sources */,
				CEB1EB2A2D55586E00931CCD /* SceneDelegate.swift in Sources */,
			);
			runOnlyForDeploymentPostprocessing = 0;
		};
/* End PBXSourcesBuildPhase section */

/* Begin PBXVariantGroup section */
		CEB1EB2D2D55586E00931CCD /* Main.storyboard */ = {
			isa = PBXVariantGroup;
			children = (
				CEB1EB2E2D55586E00931CCD /* Base */,
			);
			name = Main.storyboard;
			sourceTree = "<group>";
		};
		CEB1EB322D55587000931CCD /* LaunchScreen.storyboard */ = {
			isa = PBXVariantGroup;
			children = (
				CEB1EB332D55587000931CCD /* Base */,
			);
			name = LaunchScreen.storyboard;
			sourceTree = "<group>";
		};
/* End PBXVariantGroup section */

/* Begin XCBuildConfiguration section */
		CEB1EB362D55587000931CCD /* Debug */ = {
			isa = XCBuildConfiguration;
			buildSettings = {
				ALWAYS_SEARCH_USER_PATHS = NO;
				ASSETCATALOG_COMPILER_GENERATE_SWIFT_ASSET_SYMBOL_EXTENSIONS = YES;
				CLANG_ANALYZER_NONNULL = YES;
				CLANG_ANALYZER_NUMBER_OBJECT_CONVERSION = YES_AGGRESSIVE;
				CLANG_CXX_LANGUAGE_STANDARD = "gnu++20";
				CLANG_ENABLE_MODULES = YES;
				CLANG_ENABLE_OBJC_ARC = YES;
				CLANG_ENABLE_OBJC_WEAK = YES;
				CLANG_WARN_BLOCK_CAPTURE_AUTORELEASING = YES;
				CLANG_WARN_BOOL_CONVERSION = YES;
				CLANG_WARN_COMMA = YES;
				CLANG_WARN_CONSTANT_CONVERSION = YES;
				CLANG_WARN_DEPRECATED_OBJC_IMPLEMENTATIONS = YES;
				CLANG_WARN_DIRECT_OBJC_ISA_USAGE = YES_ERROR;
				CLANG_WARN_DOCUMENTATION_COMMENTS = YES;
				CLANG_WARN_EMPTY_BODY = YES;
				CLANG_WARN_ENUM_CONVERSION = YES;
				CLANG_WARN_INFINITE_RECURSION = YES;
				CLANG_WARN_INT_CONVERSION = YES;
				CLANG_WARN_NON_LITERAL_NULL_CONVERSION = YES;
				CLANG_WARN_OBJC_IMPLICIT_RETAIN_SELF = YES;
				CLANG_WARN_OBJC_LITERAL_CONVERSION = YES;
				CLANG_WARN_OBJC_ROOT_CLASS = YES_ERROR;
				CLANG_WARN_QUOTED_INCLUDE_IN_FRAMEWORK_HEADER = YES;
				CLANG_WARN_RANGE_LOOP_ANALYSIS = YES;
				CLANG_WARN_STRICT_PROTOTYPES = YES;
				CLANG_WARN_SUSPICIOUS_MOVE = YES;
				CLANG_WARN_UNGUARDED_AVAILABILITY = YES_AGGRESSIVE;
				CLANG_WARN_UNREACHABLE_CODE = YES;
				CLANG_WARN__DUPLICATE_METHOD_MATCH = YES;
				COPY_PHASE_STRIP = NO;
				DEBUG_INFORMATION_FORMAT = dwarf;
				ENABLE_STRICT_OBJC_MSGSEND = YES;
				ENABLE_TESTABILITY = YES;
				ENABLE_USER_SCRIPT_SANDBOXING = YES;
				GCC_C_LANGUAGE_STANDARD = gnu17;
				GCC_DYNAMIC_NO_PIC = NO;
				GCC_NO_COMMON_BLOCKS = YES;
				GCC_OPTIMIZATION_LEVEL = 0;
				GCC_PREPROCESSOR_DEFINITIONS = (
					"DEBUG=1",
					"$(inherited)",
				);
				GCC_WARN_64_TO_32_BIT_CONVERSION = YES;
				GCC_WARN_ABOUT_RETURN_TYPE = YES_ERROR;
				GCC_WARN_UNDECLARED_SELECTOR = YES;
				GCC_WARN_UNINITIALIZED_AUTOS = YES_AGGRESSIVE;
				GCC_WARN_UNUSED_FUNCTION = YES;
				GCC_WARN_UNUSED_VARIABLE = YES;
				IPHONEOS_DEPLOYMENT_TARGET = 17.5;
				LOCALIZATION_PREFERS_STRING_CATALOGS = YES;
				MTL_ENABLE_DEBUG_INFO = INCLUDE_SOURCE;
				MTL_FAST_MATH = YES;
				ONLY_ACTIVE_ARCH = YES;
				SDKROOT = iphoneos;
				SWIFT_ACTIVE_COMPILATION_CONDITIONS = "DEBUG $(inherited)";
				SWIFT_OPTIMIZATION_LEVEL = "-Onone";
			};
			name = Debug;
		};
		CEB1EB372D55587000931CCD /* Release */ = {
			isa = XCBuildConfiguration;
			buildSettings = {
				ALWAYS_SEARCH_USER_PATHS = NO;
				ASSETCATALOG_COMPILER_GENERATE_SWIFT_ASSET_SYMBOL_EXTENSIONS = YES;
				CLANG_ANALYZER_NONNULL = YES;
				CLANG_ANALYZER_NUMBER_OBJECT_CONVERSION = YES_AGGRESSIVE;
				CLANG_CXX_LANGUAGE_STANDARD = "gnu++20";
				CLANG_ENABLE_MODULES = YES;
				CLANG_ENABLE_OBJC_ARC = YES;
				CLANG_ENABLE_OBJC_WEAK = YES;
				CLANG_WARN_BLOCK_CAPTURE_AUTORELEASING = YES;
				CLANG_WARN_BOOL_CONVERSION = YES;
				CLANG_WARN_COMMA = YES;
				CLANG_WARN_CONSTANT_CONVERSION = YES;
				CLANG_WARN_DEPRECATED_OBJC_IMPLEMENTATIONS = YES;
				CLANG_WARN_DIRECT_OBJC_ISA_USAGE = YES_ERROR;
				CLANG_WARN_DOCUMENTATION_COMMENTS = YES;
				CLANG_WARN_EMPTY_BODY = YES;
				CLANG_WARN_ENUM_CONVERSION = YES;
				CLANG_WARN_INFINITE_RECURSION = YES;
				CLANG_WARN_INT_CONVERSION = YES;
				CLANG_WARN_NON_LITERAL_NULL_CONVERSION = YES;
				CLANG_WARN_OBJC_IMPLICIT_RETAIN_SELF = YES;
				CLANG_WARN_OBJC_LITERAL_CONVERSION = YES;
				CLANG_WARN_OBJC_ROOT_CLASS = YES_ERROR;
				CLANG_WARN_QUOTED_INCLUDE_IN_FRAMEWORK_HEADER = YES;
				CLANG_WARN_RANGE_LOOP_ANALYSIS = YES;
				CLANG_WARN_STRICT_PROTOTYPES = YES;
				CLANG_WARN_SUSPICIOUS_MOVE = YES;
				CLANG_WARN_UNGUARDED_AVAILABILITY = YES_AGGRESSIVE;
				CLANG_WARN_UNREACHABLE_CODE = YES;
				CLANG_WARN__DUPLICATE_METHOD_MATCH = YES;
				COPY_PHASE_STRIP = NO;
				DEBUG_INFORMATION_FORMAT = "dwarf-with-dsym";
				ENABLE_NS_ASSERTIONS = NO;
				ENABLE_STRICT_OBJC_MSGSEND = YES;
				ENABLE_USER_SCRIPT_SANDBOXING = YES;
				GCC_C_LANGUAGE_STANDARD = gnu17;
				GCC_NO_COMMON_BLOCKS = YES;
				GCC_WARN_64_TO_32_BIT_CONVERSION = YES;
				GCC_WARN_ABOUT_RETURN_TYPE = YES_ERROR;
				GCC_WARN_UNDECLARED_SELECTOR = YES;
				GCC_WARN_UNINITIALIZED_AUTOS = YES_AGGRESSIVE;
				GCC_WARN_UNUSED_FUNCTION = YES;
				GCC_WARN_UNUSED_VARIABLE = YES;
				IPHONEOS_DEPLOYMENT_TARGET = 17.5;
				LOCALIZATION_PREFERS_STRING_CATALOGS = YES;
				MTL_ENABLE_DEBUG_INFO = NO;
				MTL_FAST_MATH = YES;
				SDKROOT = iphoneos;
				SWIFT_COMPILATION_MODE = wholemodule;
				VALIDATE_PRODUCT = YES;
			};
			name = Release;
		};
		CEB1EB392D55587000931CCD /* Debug */ = {
			isa = XCBuildConfiguration;
			buildSettings = {
				ASSETCATALOG_COMPILER_APPICON_NAME = AppIcon;
				ASSETCATALOG_COMPILER_GLOBAL_ACCENT_COLOR_NAME = AccentColor;
				CODE_SIGN_STYLE = Automatic;
				CURRENT_PROJECT_VERSION = 1;
				GENERATE_INFOPLIST_FILE = YES;
				INFOPLIST_FILE = Wk5AnimationsAudio/Info.plist;
				INFOPLIST_KEY_UIApplicationSupportsIndirectInputEvents = YES;
				INFOPLIST_KEY_UILaunchStoryboardName = LaunchScreen;
				INFOPLIST_KEY_UIMainStoryboardFile = Main;
				INFOPLIST_KEY_UISupportedInterfaceOrientations_iPad = "UIInterfaceOrientationPortrait UIInterfaceOrientationPortraitUpsideDown UIInterfaceOrientationLandscapeLeft UIInterfaceOrientationLandscapeRight";
				INFOPLIST_KEY_UISupportedInterfaceOrientations_iPhone = "UIInterfaceOrientationPortrait UIInterfaceOrientationLandscapeLeft UIInterfaceOrientationLandscapeRight";
				LD_RUNPATH_SEARCH_PATHS = (
					"$(inherited)",
					"@executable_path/Frameworks",
				);
				MARKETING_VERSION = 1.0;
				PRODUCT_BUNDLE_IDENTIFIER = com.prog31632.Wk5AnimationsAudio;
				PRODUCT_NAME = "$(TARGET_NAME)";
				SWIFT_EMIT_LOC_STRINGS = YES;
				SWIFT_VERSION = 5.0;
				TARGETED_DEVICE_FAMILY = "1,2";
			};
			name = Debug;
		};
		CEB1EB3A2D55587000931CCD /* Release */ = {
			isa = XCBuildConfiguration;
			buildSettings = {
				ASSETCATALOG_COMPILER_APPICON_NAME = AppIcon;
				ASSETCATALOG_COMPILER_GLOBAL_ACCENT_COLOR_NAME = AccentColor;
				CODE_SIGN_STYLE = Automatic;
				CURRENT_PROJECT_VERSION = 1;
				GENERATE_INFOPLIST_FILE = YES;
				INFOPLIST_FILE = Wk5AnimationsAudio/Info.plist;
				INFOPLIST_KEY_UIApplicationSupportsIndirectInputEvents = YES;
				INFOPLIST_KEY_UILaunchStoryboardName = LaunchScreen;
				INFOPLIST_KEY_UIMainStoryboardFile = Main;
				INFOPLIST_KEY_UISupportedInterfaceOrientations_iPad = "UIInterfaceOrientationPortrait UIInterfaceOrientationPortraitUpsideDown UIInterfaceOrientationLandscapeLeft UIInterfaceOrientationLandscapeRight";
				INFOPLIST_KEY_UISupportedInterfaceOrientations_iPhone = "UIInterfaceOrientationPortrait UIInterfaceOrientationLandscapeLeft UIInterfaceOrientationLandscapeRight";
				LD_RUNPATH_SEARCH_PATHS = (
					"$(inherited)",
					"@executable_path/Frameworks",
				);
				MARKETING_VERSION = 1.0;
				PRODUCT_BUNDLE_IDENTIFIER = com.prog31632.Wk5AnimationsAudio;
				PRODUCT_NAME = "$(TARGET_NAME)";
				SWIFT_EMIT_LOC_STRINGS = YES;
				SWIFT_VERSION = 5.0;
				TARGETED_DEVICE_FAMILY = "1,2";
			};
			name = Release;
		};
/* End XCBuildConfiguration section */

/* Begin XCConfigurationList section */
		CEB1EB1F2D55586E00931CCD /* Build configuration list for PBXProject "Wk5AnimationsAudio" */ = {
			isa = XCConfigurationList;
			buildConfigurations = (
				CEB1EB362D55587000931CCD /* Debug */,
				CEB1EB372D55587000931CCD /* Release */,
			);
			defaultConfigurationIsVisible = 0;
			defaultConfigurationName = Release;
		};
		CEB1EB382D55587000931CCD /* Build configuration list for PBXNativeTarget "Wk5AnimationsAudio" */ = {
			isa = XCConfigurationList;
			buildConfigurations = (
				CEB1EB392D55587000931CCD /* Debug */,
				CEB1EB3A2D55587000931CCD /* Release */,
			);
			defaultConfigurationIsVisible = 0;
			defaultConfigurationName = Release;
		};
/* End XCConfigurationList section */
	};
	rootObject = CEB1EB1C2D55586E00931CCD /* Project object */;
}
